
Microsoft Visual Studio Solution File, Format Version 12.00
# Visual Studio Version 17
VisualStudioVersion = 17.10.35004.147
MinimumVisualStudioVersion = 10.0.40219.1
Project("{FAE04EC0-301F-11D3-BF4B-00C04F79EFBC}") = "TPFinalNivel2_Sulas", "TPFinalNivel2_Sulas\TPFinalNivel2_Sulas.csproj", "{26D0C250-E3B0-434E-A244-0C74192596FF}"
EndProject
Project("{FAE04EC0-301F-11D3-BF4B-00C04F79EFBC}") = "Negocio", "Negocio\Negocio.csproj", "{B45177D0-40F3-4BF4-8BD9-6A6079779887}"
EndProject
Project("{FAE04EC0-301F-11D3-BF4B-00C04F79EFBC}") = "Dominio1", "Dominio1\Dominio1.csproj", "{38EDEF56-2016-47D3-BC62-D1B7A28ACAE3}"
EndProject
Global
	GlobalSection(SolutionConfigurationPlatforms) = preSolution
		Debug|Any CPU = Debug|Any CPU
		Release|Any CPU = Release|Any CPU
	EndGlobalSection
	GlobalSection(ProjectConfigurationPlatforms) = postSolution
		{26D0C250-E3B0-434E-A244-0C74192596FF}.Debug|Any CPU.ActiveCfg = Debug|Any CPU
		{26D0C250-E3B0-434E-A244-0C74192596FF}.Debug|Any CPU.Build.0 = Debug|Any CPU
		{26D0C250-E3B0-434E-A244-0C74192596FF}.Release|Any CPU.ActiveCfg = Release|Any CPU
		{26D0C250-E3B0-434E-A244-0C74192596FF}.Release|Any CPU.Build.0 = Release|Any CPU
		{B45177D0-40F3-4BF4-8BD9-6A6079779887}.Debug|Any CPU.ActiveCfg = Debug|Any CPU
		{B45177D0-40F3-4BF4-8BD9-6A6079779887}.Debug|Any CPU.Build.0 = Debug|Any CPU
		{B45177D0-40F3-4BF4-8BD9-6A6079779887}.Release|Any CPU.ActiveCfg = Release|Any CPU
		{B45177D0-40F3-4BF4-8BD9-6A6079779887}.Release|Any CPU.Build.0 = Release|Any CPU
		{38EDEF56-2016-47D3-BC62-D1B7A28ACAE3}.Debug|Any CPU.ActiveCfg = Debug|Any CPU
		{38EDEF56-2016-47D3-BC62-D1B7A28ACAE3}.Debug|Any CPU.Build.0 = Debug|Any CPU
		{38EDEF56-2016-47D3-BC62-D1B7A28ACAE3}.Release|Any CPU.ActiveCfg = Release|Any CPU
		{38EDEF56-2016-47D3-BC62-D1B7A28ACAE3}.Release|Any CPU.Build.0 = Release|Any CPU
	EndGlobalSection
	GlobalSection(SolutionProperties) = preSolution
		HideSolutionNode = FALSE
	EndGlobalSection
	GlobalSection(ExtensibilityGlobals) = postSolution
		SolutionGuid = {5E80E6BF-2FA0-406E-8C30-01D0C389FE46}
	EndGlobalSection
EndGlobal
